
Microsoft Visual Studio Solution File, Format Version 12.00
# Visual Studio 15
VisualStudioVersion = 15.0.28307.1500
MinimumVisualStudioVersion = 10.0.40219.1
Project("{FAE04EC0-301F-11D3-BF4B-00C04F79EFBC}") = "Exer_Fixacao_Matrizes_Orient_Obj", "Exer_Fixacao_Matrizes_Orient_Obj\Exer_Fixacao_Matrizes_Orient_Obj.csproj", "{76AE37DC-DEEC-42B4-8DBA-2F3A1B3EB2F1}"
EndProject
Global
	GlobalSection(SolutionConfigurationPlatforms) = preSolution
		Debug|Any CPU = Debug|Any CPU
		Release|Any CPU = Release|Any CPU
	EndGlobalSection
	GlobalSection(ProjectConfigurationPlatforms) = postSolution
		{76AE37DC-DEEC-42B4-8DBA-2F3A1B3EB2F1}.Debug|Any CPU.ActiveCfg = Debug|Any CPU
		{76AE37DC-DEEC-42B4-8DBA-2F3A1B3EB2F1}.Debug|Any CPU.Build.0 = Debug|Any CPU
		{76AE37DC-DEEC-42B4-8DBA-2F3A1B3EB2F1}.Release|Any CPU.ActiveCfg = Release|Any CPU
		{76AE37DC-DEEC-42B4-8DBA-2F3A1B3EB2F1}.Release|Any CPU.Build.0 = Release|Any CPU
	EndGlobalSection
	GlobalSection(SolutionProperties) = preSolution
		HideSolutionNode = FALSE
	EndGlobalSection
	GlobalSection(ExtensibilityGlobals) = postSolution
		SolutionGuid = {233508EE-5257-4B90-A6BF-B08E5BE3B204}
	EndGlobalSection
EndGlobal
